<?xml version="1.0" encoding="utf-8"?>
<Project ToolsVersion="4.0" xmlns="http://schemas.microsoft.com/developer/msbuild/2003">
  <ItemGroup>
    <Filter Include="Source Files">
      <UniqueIdentifier>{4FC737F1-C7A5-4376-A066-2A32D752A2FF}</UniqueIdentifier>
      <Extensions>cpp;c;cc;cxx;def;odl;idl;hpj;bat;asm;asmx</Extensions>
    </Filter>
    <Filter Include="Header Files">
      <UniqueIdentifier>{93995380-89BD-4b04-88EB-625FBE52EBFB}</UniqueIdentifier>
      <Extensions>h;hh;hpp;hxx;hm;inl;inc;xsd</Extensions>
    </Filter>
    <Filter Include="Resource Files">
      <UniqueIdentifier>{67DA6AB6-F800-4c08-8B7A-83BB121AAD01}</UniqueIdentifier>
      <Extensions>rc;ico;cur;bmp;dlg;rc2;rct;bin;rgs;gif;jpg;jpeg;jpe;resx;tiff;tif;png;wav;mfcribbon-ms</Extensions>
    </Filter>
    <Filter Include="Header Files\memory">
      <UniqueIdentifier>{03a6b007-de67-4d1b-96e2-3467cae746cf}</UniqueIdentifier>
    </Filter>
    <Filter Include="Header Files\cpu">
      <UniqueIdentifier>{6d0152d5-1bae-4a74-b721-0f554b37ba19}</UniqueIdentifier>
    </Filter>
    <Filter Include="Source Files\memory">
      <UniqueIdentifier>{4acdf87f-4cb9-45fa-ac2a-402edbfb2380}</UniqueIdentifier>
    </Filter>
    <Filter Include="Source Files\cpu">
      <UniqueIdentifier>{9d5ae354-70c0-4ccb-904a-eea78b89f8a8}</UniqueIdentifier>
    </Filter>
    <Filter Include="Source Files\memory\mupen">
      <UniqueIdentifier>{f06efc76-6a16-4157-954d-8b4fd9aa45e3}</UniqueIdentifier>
    </Filter>
    <Filter Include="Header Files\memory\mupen">
      <UniqueIdentifier>{e5df5003-2374-4473-8f53-2eaf76ec5b1e}</UniqueIdentifier>
    </Filter>
    <Filter Include="Header Files\cpu\interpreter">
      <UniqueIdentifier>{da718fe3-efbf-4c86-a26e-d4fbd1fc6504}</UniqueIdentifier>
    </Filter>
    <Filter Include="Source Files\cpu\interpreter">
      <UniqueIdentifier>{46d23dff-f0fc-49d9-8678-ecd65ac45439}</UniqueIdentifier>
    </Filter>
    <Filter Include="Header Files\tlb">
      <UniqueIdentifier>{0fad23c3-b010-4f9b-8f0d-85b77262f163}</UniqueIdentifier>
    </Filter>
    <Filter Include="Source Files\tlb">
      <UniqueIdentifier>{0d681ba0-7104-4f15-80a4-23b7576f8b54}</UniqueIdentifier>
    </Filter>
    <Filter Include="Header Files\cpu\fpu">
      <UniqueIdentifier>{a74bec3c-f3bb-48ad-9534-6db2135f8ce5}</UniqueIdentifier>
    </Filter>
    <Filter Include="Header Files\pif">
      <UniqueIdentifier>{7e18ca9f-ec12-4114-95a8-7c9b23b3253f}</UniqueIdentifier>
    </Filter>
    <Filter Include="Source Files\pif">
      <UniqueIdentifier>{c29fff6e-c4b6-46c1-bbab-c3b056432047}</UniqueIdentifier>
    </Filter>
    <Filter Include="Header Files\input">
      <UniqueIdentifier>{02f8912e-eedb-42e5-9111-4a22cf5ca347}</UniqueIdentifier>
    </Filter>
    <Filter Include="Header Files\save">
      <UniqueIdentifier>{6299bd8b-357b-4d2a-b332-a28df329dd8c}</UniqueIdentifier>
    </Filter>
    <Filter Include="Source Files\save">
      <UniqueIdentifier>{23360af5-2a8d-4784-b448-b497b18e1599}</UniqueIdentifier>
    </Filter>
    <Filter Include="Header Files\plugins">
      <UniqueIdentifier>{03a7396a-a7df-4898-8022-f2cd25c97a1e}</UniqueIdentifier>
    </Filter>
    <Filter Include="Source Files\plugins">
      <UniqueIdentifier>{ed6635ca-7c94-4187-a944-42faf655b351}</UniqueIdentifier>
    </Filter>
    <Filter Include="Source Files\cpu\fpu">
      <UniqueIdentifier>{e7813743-ad95-4e34-8986-2db428b6c2cb}</UniqueIdentifier>
    </Filter>
    <Filter Include="Header Files\config">
      <UniqueIdentifier>{663ffd8b-8900-4056-ba76-7a2a786af16f}</UniqueIdentifier>
    </Filter>
    <Filter Include="Source Files\config">
      <UniqueIdentifier>{516bf050-def6-41aa-a854-e8733e13aeee}</UniqueIdentifier>
    </Filter>
    <Filter Include="Header Files\romdb">
      <UniqueIdentifier>{50dbaab2-7cb4-4723-8f7d-e829dee41a0a}</UniqueIdentifier>
    </Filter>
    <Filter Include="Source Files\romdb">
      <UniqueIdentifier>{7d895bc2-e343-4c15-810f-a7666bf9c046}</UniqueIdentifier>
    </Filter>
    <Filter Include="Header Files\cheat">
      <UniqueIdentifier>{c3d73d9e-ef7a-4b71-98c4-5360ccde2f88}</UniqueIdentifier>
    </Filter>
    <Filter Include="Source Files\cheat">
      <UniqueIdentifier>{8249eaa4-38d3-4088-99aa-da71e69ab71c}</UniqueIdentifier>
    </Filter>
    <Filter Include="Header Files\rcp">
      <UniqueIdentifier>{83bde006-d02a-4cae-ac98-c963f37d0208}</UniqueIdentifier>
    </Filter>
    <Filter Include="Header Files\rcp\ai">
      <UniqueIdentifier>{265ab729-fe33-4aae-b7d8-3a1e68ad5c27}</UniqueIdentifier>
    </Filter>
    <Filter Include="Header Files\rcp\vi">
      <UniqueIdentifier>{46e2e09a-dd29-4d35-82c2-bdd09774d270}</UniqueIdentifier>
    </Filter>
    <Filter Include="Header Files\rcp\ri">
      <UniqueIdentifier>{9bd593f9-4d79-417c-bbeb-3fea1c166213}</UniqueIdentifier>
    </Filter>
    <Filter Include="Header Files\rcp\mi">
      <UniqueIdentifier>{e39a3b07-123d-45fa-afa8-01034a637a76}</UniqueIdentifier>
    </Filter>
    <Filter Include="Header Files\rcp\si">
      <UniqueIdentifier>{d70a05c2-5ecb-4514-85f7-bdabad1c7c5f}</UniqueIdentifier>
    </Filter>
    <Filter Include="Header Files\rcp\dpc">
      <UniqueIdentifier>{dc936bd0-3403-45ff-8d20-1cac366bfe75}</UniqueIdentifier>
    </Filter>
    <Filter Include="Header Files\rcp\dps">
      <UniqueIdentifier>{98af4d6f-68c6-4c5f-a3bb-c66ad3a3f334}</UniqueIdentifier>
    </Filter>
    <Filter Include="Header Files\rcp\pi">
      <UniqueIdentifier>{86382ced-0ec3-4dcf-b83a-e39b2e61315c}</UniqueIdentifier>
    </Filter>
    <Filter Include="Header Files\rcp\sp">
      <UniqueIdentifier>{64ea0089-dae2-4549-bbb1-be06babdb05a}</UniqueIdentifier>
    </Filter>
    <Filter Include="Source Files\rcp">
      <UniqueIdentifier>{623e3d67-a829-42b5-bc55-5248586cb05e}</UniqueIdentifier>
    </Filter>
    <Filter Include="Source Files\rcp\ai">
      <UniqueIdentifier>{94d8e3f5-8b1d-44b2-9596-69ba1a91543d}</UniqueIdentifier>
    </Filter>
    <Filter Include="Source Files\rcp\vi">
      <UniqueIdentifier>{dcd45c45-6a0c-4a0a-aa17-c1408090adcf}</UniqueIdentifier>
    </Filter>
    <Filter Include="Source Files\rcp\ri">
      <UniqueIdentifier>{f4cd9ee2-b9e3-47ad-8387-6422946a6cb1}</UniqueIdentifier>
    </Filter>
    <Filter Include="Source Files\rcp\pi">
      <UniqueIdentifier>{69d87471-4e13-493a-86f9-0bd212b0fd93}</UniqueIdentifier>
    </Filter>
    <Filter Include="Source Files\rcp\si">
      <UniqueIdentifier>{bf1a92ba-ef19-499b-a3c4-c2526f68c347}</UniqueIdentifier>
    </Filter>
    <Filter Include="Source Files\rcp\dpc">
      <UniqueIdentifier>{4085805b-1f0e-4b0c-ac66-32587a854eb9}</UniqueIdentifier>
    </Filter>
    <Filter Include="Source Files\rcp\dps">
      <UniqueIdentifier>{23740af2-a950-4da8-8c71-2c7855332e33}</UniqueIdentifier>
    </Filter>
    <Filter Include="Source Files\rcp\mi">
      <UniqueIdentifier>{6b6f77c2-036c-42b7-9453-d1a6de2999cb}</UniqueIdentifier>
    </Filter>
    <Filter Include="Source Files\rcp\sp">
      <UniqueIdentifier>{8da7e9fe-a715-441a-a6c6-fb599a646cd9}</UniqueIdentifier>
    </Filter>
    <Filter Include="Header Files\rdram">
      <UniqueIdentifier>{9473b81a-6ab4-49e0-8188-0b438090f7f4}</UniqueIdentifier>
    </Filter>
    <Filter Include="Source Files\rdram">
      <UniqueIdentifier>{5a41c2a3-dd25-4e33-a813-fd605f78964b}</UniqueIdentifier>
    </Filter>
  </ItemGroup>
  <ItemGroup>
    <ClInclude Include="rom.h">
      <Filter>Header Files</Filter>
    </ClInclude>
    <ClInclude Include="icpu.h">
      <Filter>Header Files\cpu</Filter>
    </ClInclude>
    <ClInclude Include="mpmemory.h">
      <Filter>Header Files\memory\mupen</Filter>
    </ClInclude>
    <ClInclude Include="interrupthandler.h">
      <Filter>Header Files\cpu</Filter>
    </ClInclude>
    <ClInclude Include="cp1.h">
      <Filter>Header Files\cpu</Filter>
    </ClInclude>
    <ClInclude Include="cp0.h">
      <Filter>Header Files\cpu</Filter>
    </ClInclude>
    <ClInclude Include="bus.h">
      <Filter>Header Files</Filter>
    </ClInclude>
    <ClInclude Include="tlb.h">
      <Filter>Header Files\tlb</Filter>
    </ClInclude>
    <ClInclude Include="fpu.h">
      <Filter>Header Files\cpu\fpu</Filter>
    </ClInclude>
    <ClInclude Include="pif.h">
      <Filter>Header Files\pif</Filter>
    </ClInclude>
    <ClInclude Include="n64_cic_nus_6105.h">
      <Filter>Header Files\pif</Filter>
    </ClInclude>
    <ClInclude Include="inputtypes.h">
      <Filter>Header Files\input</Filter>
    </ClInclude>
    <ClInclude Include="imemory.h">
      <Filter>Header Files\memory</Filter>
    </ClInclude>
    <ClInclude Include="rcpcommon.h">
      <Filter>Header Files</Filter>
    </ClInclude>
    <ClInclude Include="dma.h">
      <Filter>Header Files\cpu</Filter>
    </ClInclude>
    <ClInclude Include="sram.h">
      <Filter>Header Files\save</Filter>
    </ClInclude>
    <ClInclude Include="flashram.h">
      <Filter>Header Files\save</Filter>
    </ClInclude>
    <ClInclude Include="eeprom.h">
      <Filter>Header Files\save</Filter>
    </ClInclude>
    <ClInclude Include="mempak.h">
      <Filter>Header Files\save</Filter>
    </ClInclude>
    <ClInclude Include="plugins.h">
      <Filter>Header Files\plugins</Filter>
    </ClInclude>
    <ClInclude Include="gfxplugin.h">
      <Filter>Header Files\plugins</Filter>
    </ClInclude>
    <ClInclude Include="audioplugin.h">
      <Filter>Header Files\plugins</Filter>
    </ClInclude>
    <ClInclude Include="rspplugin.h">
      <Filter>Header Files\plugins</Filter>
    </ClInclude>
    <ClInclude Include="inputplugin.h">
      <Filter>Header Files\plugins</Filter>
    </ClInclude>
    <ClInclude Include="systiming.h">
      <Filter>Header Files</Filter>
    </ClInclude>
    <ClInclude Include="corecontrol.h">
      <Filter>Header Files</Filter>
    </ClInclude>
    <ClInclude Include="version.h">
      <Filter>Header Files</Filter>
    </ClInclude>
    <ClInclude Include="configdefs.h">
      <Filter>Header Files\config</Filter>
    </ClInclude>
    <ClInclude Include="configstore.h">
      <Filter>Header Files\config</Filter>
    </ClInclude>
    <ClInclude Include="romdb.h">
      <Filter>Header Files\romdb</Filter>
    </ClInclude>
    <ClInclude Include="cheat.h">
      <Filter>Header Files\cheat</Filter>
    </ClInclude>
    <ClInclude Include="cheatengine.h">
      <Filter>Header Files\cheat</Filter>
    </ClInclude>
    <ClInclude Include="interpreter.h">
      <Filter>Header Files\cpu\interpreter</Filter>
    </ClInclude>
    <ClInclude Include="rcpinterface.h">
      <Filter>Header Files\rcp</Filter>
    </ClInclude>
    <ClInclude Include="op64.h">
      <Filter>Header Files</Filter>
    </ClInclude>
    <ClInclude Include="rcp.h">
      <Filter>Header Files\rcp</Filter>
    </ClInclude>
    <ClInclude Include="audiointerface.h">
      <Filter>Header Files\rcp\ai</Filter>
    </ClInclude>
    <ClInclude Include="mipsinterface.h">
      <Filter>Header Files\rcp\mi</Filter>
    </ClInclude>
    <ClInclude Include="dpcinterface.h">
      <Filter>Header Files\rcp\dpc</Filter>
    </ClInclude>
    <ClInclude Include="dpsinterface.h">
      <Filter>Header Files\rcp\dps</Filter>
    </ClInclude>
    <ClInclude Include="rspinterface.h">
      <Filter>Header Files\rcp\sp</Filter>
    </ClInclude>
    <ClInclude Include="peripheralinterface.h">
      <Filter>Header Files\rcp\pi</Filter>
    </ClInclude>
    <ClInclude Include="serialinterface.h">
      <Filter>Header Files\rcp\si</Filter>
    </ClInclude>
    <ClInclude Include="rdraminterface.h">
      <Filter>Header Files\rcp\ri</Filter>
    </ClInclude>
    <ClInclude Include="rdramcontroller.h">
      <Filter>Header Files\rdram</Filter>
    </ClInclude>
    <ClInclude Include="videointerface.h">
      <Filter>Header Files\rcp\vi</Filter>
    </ClInclude>
    <ClInclude Include="registerinterface.h">
      <Filter>Header Files\rcp</Filter>
    </ClInclude>
  </ItemGroup>
  <ItemGroup>
    <ClCompile Include="rom.cpp">
      <Filter>Source Files</Filter>
    </ClCompile>
    <ClCompile Include="icpu.cpp">
      <Filter>Source Files\cpu</Filter>
    </ClCompile>
    <ClCompile Include="mpmemory.cpp">
      <Filter>Source Files\memory\mupen</Filter>
    </ClCompile>
    <ClCompile Include="interrupthandler.cpp">
      <Filter>Source Files\cpu</Filter>
    </ClCompile>
    <ClCompile Include="cp1.cpp">
      <Filter>Source Files\cpu</Filter>
    </ClCompile>
    <ClCompile Include="cp0.cpp">
      <Filter>Source Files\cpu</Filter>
    </ClCompile>
    <ClCompile Include="bus.cpp">
      <Filter>Source Files</Filter>
    </ClCompile>
    <ClCompile Include="tlb.cpp">
      <Filter>Source Files\tlb</Filter>
    </ClCompile>
    <ClCompile Include="n64_cic_nus_6105.cpp">
      <Filter>Source Files\pif</Filter>
    </ClCompile>
    <ClCompile Include="pif.cpp">
      <Filter>Source Files\pif</Filter>
    </ClCompile>
    <ClCompile Include="imemory.cpp">
      <Filter>Source Files\memory</Filter>
    </ClCompile>
    <ClCompile Include="dma.cpp">
      <Filter>Source Files\cpu</Filter>
    </ClCompile>
    <ClCompile Include="sram.cpp">
      <Filter>Source Files\save</Filter>
    </ClCompile>
    <ClCompile Include="flashram.cpp">
      <Filter>Source Files\save</Filter>
    </ClCompile>
    <ClCompile Include="eeprom.cpp">
      <Filter>Source Files\save</Filter>
    </ClCompile>
    <ClCompile Include="mempak.cpp">
      <Filter>Source Files\save</Filter>
    </ClCompile>
    <ClCompile Include="plugins.cpp">
      <Filter>Source Files\plugins</Filter>
    </ClCompile>
    <ClCompile Include="gfxplugin.cpp">
      <Filter>Source Files\plugins</Filter>
    </ClCompile>
    <ClCompile Include="audioplugin.cpp">
      <Filter>Source Files\plugins</Filter>
    </ClCompile>
    <ClCompile Include="rspplugin.cpp">
      <Filter>Source Files\plugins</Filter>
    </ClCompile>
    <ClCompile Include="inputplugin.cpp">
      <Filter>Source Files\plugins</Filter>
    </ClCompile>
    <ClCompile Include="systiming.cpp">
      <Filter>Source Files</Filter>
    </ClCompile>
    <ClCompile Include="corecontrol.cpp">
      <Filter>Source Files</Filter>
    </ClCompile>
    <ClCompile Include="configstore.cpp">
      <Filter>Source Files\config</Filter>
    </ClCompile>
    <ClCompile Include="romdb.cpp">
      <Filter>Source Files\romdb</Filter>
    </ClCompile>
    <ClCompile Include="cheatengine.cpp">
      <Filter>Source Files\cheat</Filter>
    </ClCompile>
    <ClCompile Include="interpreter.cpp">
      <Filter>Source Files\cpu\interpreter</Filter>
    </ClCompile>
    <ClCompile Include="interpreter_cop0.cpp">
      <Filter>Source Files\cpu\interpreter</Filter>
    </ClCompile>
    <ClCompile Include="interpreter_cop1.cpp">
      <Filter>Source Files\cpu\interpreter</Filter>
    </ClCompile>
    <ClCompile Include="interpreter_regimm.cpp">
      <Filter>Source Files\cpu\interpreter</Filter>
    </ClCompile>
    <ClCompile Include="interpreter_special.cpp">
      <Filter>Source Files\cpu\interpreter</Filter>
    </ClCompile>
    <ClCompile Include="rdramcontroller.cpp">
      <Filter>Source Files\rdram</Filter>
    </ClCompile>
    <ClCompile Include="audiointerface.cpp">
      <Filter>Source Files\rcp\ai</Filter>
    </ClCompile>
    <ClCompile Include="dpcinterface.cpp">
      <Filter>Source Files\rcp\dpc</Filter>
    </ClCompile>
    <ClCompile Include="dpsinterface.cpp">
      <Filter>Source Files\rcp\dps</Filter>
    </ClCompile>
    <ClCompile Include="mipsinterface.cpp">
      <Filter>Source Files\rcp\mi</Filter>
    </ClCompile>
    <ClCompile Include="rspinterface.cpp">
      <Filter>Source Files\rcp\sp</Filter>
    </ClCompile>
    <ClCompile Include="serialinterface.cpp">
      <Filter>Source Files\rcp\si</Filter>
    </ClCompile>
    <ClCompile Include="peripheralinterface.cpp">
      <Filter>Source Files\rcp\pi</Filter>
    </ClCompile>
    <ClCompile Include="rdraminterface.cpp">
      <Filter>Source Files\rcp\ri</Filter>
    </ClCompile>
    <ClCompile Include="videointerface.cpp">
      <Filter>Source Files\rcp\vi</Filter>
    </ClCompile>
  </ItemGroup>
  <ItemGroup>
    <MASM Include="windows\fpu_cmp_32.asm">
      <Filter>Source Files\cpu\fpu</Filter>
    </MASM>
    <MASM Include="windows\fpu_cmp_64.asm">
      <Filter>Source Files\cpu\fpu</Filter>
    </MASM>
  </ItemGroup>
</Project>