<?xml version="1.0" encoding="utf-8"?>
<Project ToolsVersion="4.0" xmlns="http://schemas.microsoft.com/developer/msbuild/2003">
  <ItemGroup>
    <Filter Include="Source Files">
      <UniqueIdentifier>{4FC737F1-C7A5-4376-A066-2A32D752A2FF}</UniqueIdentifier>
      <Extensions>cpp;c;cc;cxx;def;odl;idl;hpj;bat;asm;asmx</Extensions>
    </Filter>
    <Filter Include="Header Files">
      <UniqueIdentifier>{93995380-89BD-4b04-88EB-625FBE52EBFB}</UniqueIdentifier>
      <Extensions>h;hh;hpp;hxx;hm;inl;inc;xsd</Extensions>
    </Filter>
    <Filter Include="Resource Files">
      <UniqueIdentifier>{67DA6AB6-F800-4c08-8B7A-83BB121AAD01}</UniqueIdentifier>
      <Extensions>rc;ico;cur;bmp;dlg;rc2;rct;bin;rgs;gif;jpg;jpeg;jpe;resx;tiff;tif;png;wav;mfcribbon-ms</Extensions>
    </Filter>
    <Filter Include="Header Files\memory">
      <UniqueIdentifier>{03a6b007-de67-4d1b-96e2-3467cae746cf}</UniqueIdentifier>
    </Filter>
    <Filter Include="Header Files\cpu">
      <UniqueIdentifier>{6d0152d5-1bae-4a74-b721-0f554b37ba19}</UniqueIdentifier>
    </Filter>
    <Filter Include="Source Files\memory">
      <UniqueIdentifier>{4acdf87f-4cb9-45fa-ac2a-402edbfb2380}</UniqueIdentifier>
    </Filter>
    <Filter Include="Source Files\cpu">
      <UniqueIdentifier>{9d5ae354-70c0-4ccb-904a-eea78b89f8a8}</UniqueIdentifier>
    </Filter>
    <Filter Include="Source Files\cpu\interpreter">
      <UniqueIdentifier>{46d23dff-f0fc-49d9-8678-ecd65ac45439}</UniqueIdentifier>
    </Filter>
    <Filter Include="Header Files\tlb">
      <UniqueIdentifier>{0fad23c3-b010-4f9b-8f0d-85b77262f163}</UniqueIdentifier>
    </Filter>
    <Filter Include="Source Files\tlb">
      <UniqueIdentifier>{0d681ba0-7104-4f15-80a4-23b7576f8b54}</UniqueIdentifier>
    </Filter>
    <Filter Include="Header Files\pif">
      <UniqueIdentifier>{7e18ca9f-ec12-4114-95a8-7c9b23b3253f}</UniqueIdentifier>
    </Filter>
    <Filter Include="Source Files\pif">
      <UniqueIdentifier>{c29fff6e-c4b6-46c1-bbab-c3b056432047}</UniqueIdentifier>
    </Filter>
    <Filter Include="Header Files\plugins">
      <UniqueIdentifier>{03a7396a-a7df-4898-8022-f2cd25c97a1e}</UniqueIdentifier>
    </Filter>
    <Filter Include="Source Files\plugins">
      <UniqueIdentifier>{ed6635ca-7c94-4187-a944-42faf655b351}</UniqueIdentifier>
    </Filter>
    <Filter Include="Source Files\cpu\fpu">
      <UniqueIdentifier>{e7813743-ad95-4e34-8986-2db428b6c2cb}</UniqueIdentifier>
    </Filter>
    <Filter Include="Header Files\cheat">
      <UniqueIdentifier>{c3d73d9e-ef7a-4b71-98c4-5360ccde2f88}</UniqueIdentifier>
    </Filter>
    <Filter Include="Source Files\cheat">
      <UniqueIdentifier>{8249eaa4-38d3-4088-99aa-da71e69ab71c}</UniqueIdentifier>
    </Filter>
    <Filter Include="Header Files\rcp">
      <UniqueIdentifier>{83bde006-d02a-4cae-ac98-c963f37d0208}</UniqueIdentifier>
    </Filter>
    <Filter Include="Header Files\rcp\ai">
      <UniqueIdentifier>{265ab729-fe33-4aae-b7d8-3a1e68ad5c27}</UniqueIdentifier>
    </Filter>
    <Filter Include="Header Files\rcp\vi">
      <UniqueIdentifier>{46e2e09a-dd29-4d35-82c2-bdd09774d270}</UniqueIdentifier>
    </Filter>
    <Filter Include="Header Files\rcp\ri">
      <UniqueIdentifier>{9bd593f9-4d79-417c-bbeb-3fea1c166213}</UniqueIdentifier>
    </Filter>
    <Filter Include="Header Files\rcp\mi">
      <UniqueIdentifier>{e39a3b07-123d-45fa-afa8-01034a637a76}</UniqueIdentifier>
    </Filter>
    <Filter Include="Header Files\rcp\si">
      <UniqueIdentifier>{d70a05c2-5ecb-4514-85f7-bdabad1c7c5f}</UniqueIdentifier>
    </Filter>
    <Filter Include="Header Files\rcp\dpc">
      <UniqueIdentifier>{dc936bd0-3403-45ff-8d20-1cac366bfe75}</UniqueIdentifier>
    </Filter>
    <Filter Include="Header Files\rcp\dps">
      <UniqueIdentifier>{98af4d6f-68c6-4c5f-a3bb-c66ad3a3f334}</UniqueIdentifier>
    </Filter>
    <Filter Include="Header Files\rcp\pi">
      <UniqueIdentifier>{86382ced-0ec3-4dcf-b83a-e39b2e61315c}</UniqueIdentifier>
    </Filter>
    <Filter Include="Header Files\rcp\sp">
      <UniqueIdentifier>{64ea0089-dae2-4549-bbb1-be06babdb05a}</UniqueIdentifier>
    </Filter>
    <Filter Include="Source Files\rcp">
      <UniqueIdentifier>{623e3d67-a829-42b5-bc55-5248586cb05e}</UniqueIdentifier>
    </Filter>
    <Filter Include="Source Files\rcp\ai">
      <UniqueIdentifier>{94d8e3f5-8b1d-44b2-9596-69ba1a91543d}</UniqueIdentifier>
    </Filter>
    <Filter Include="Source Files\rcp\vi">
      <UniqueIdentifier>{dcd45c45-6a0c-4a0a-aa17-c1408090adcf}</UniqueIdentifier>
    </Filter>
    <Filter Include="Source Files\rcp\ri">
      <UniqueIdentifier>{f4cd9ee2-b9e3-47ad-8387-6422946a6cb1}</UniqueIdentifier>
    </Filter>
    <Filter Include="Source Files\rcp\pi">
      <UniqueIdentifier>{69d87471-4e13-493a-86f9-0bd212b0fd93}</UniqueIdentifier>
    </Filter>
    <Filter Include="Source Files\rcp\si">
      <UniqueIdentifier>{bf1a92ba-ef19-499b-a3c4-c2526f68c347}</UniqueIdentifier>
    </Filter>
    <Filter Include="Source Files\rcp\dpc">
      <UniqueIdentifier>{4085805b-1f0e-4b0c-ac66-32587a854eb9}</UniqueIdentifier>
    </Filter>
    <Filter Include="Source Files\rcp\dps">
      <UniqueIdentifier>{23740af2-a950-4da8-8c71-2c7855332e33}</UniqueIdentifier>
    </Filter>
    <Filter Include="Source Files\rcp\mi">
      <UniqueIdentifier>{6b6f77c2-036c-42b7-9453-d1a6de2999cb}</UniqueIdentifier>
    </Filter>
    <Filter Include="Source Files\rcp\sp">
      <UniqueIdentifier>{8da7e9fe-a715-441a-a6c6-fb599a646cd9}</UniqueIdentifier>
    </Filter>
    <Filter Include="Header Files\core">
      <UniqueIdentifier>{3ed7dde9-a6f9-491a-b94c-bda6dade75e5}</UniqueIdentifier>
    </Filter>
    <Filter Include="Source Files\core">
      <UniqueIdentifier>{47f8601d-4246-46fb-bdd5-98fef5110aae}</UniqueIdentifier>
    </Filter>
    <Filter Include="Header Files\ui">
      <UniqueIdentifier>{757646bd-023f-4831-9c4a-8d05d48e0171}</UniqueIdentifier>
    </Filter>
    <Filter Include="Header Files\rom">
      <UniqueIdentifier>{abf70f3b-bbf7-41ba-b5e8-2079c165b91c}</UniqueIdentifier>
    </Filter>
    <Filter Include="Source Files\ui">
      <UniqueIdentifier>{d5721b48-beea-43eb-ba9b-5ff27e504af2}</UniqueIdentifier>
    </Filter>
    <Filter Include="Source Files\rom">
      <UniqueIdentifier>{9d11ce35-1169-4376-9f0f-7570db3a0780}</UniqueIdentifier>
    </Filter>
  </ItemGroup>
  <ItemGroup>
    <ClInclude Include="op64.h">
      <Filter>Header Files</Filter>
    </ClInclude>
    <ClInclude Include="cheat\cheat.h">
      <Filter>Header Files\cheat</Filter>
    </ClInclude>
    <ClInclude Include="cheat\cheatengine.h">
      <Filter>Header Files\cheat</Filter>
    </ClInclude>
    <ClInclude Include="core\bus.h">
      <Filter>Header Files\core</Filter>
    </ClInclude>
    <ClInclude Include="core\inputtypes.h">
      <Filter>Header Files\core</Filter>
    </ClInclude>
    <ClInclude Include="core\systiming.h">
      <Filter>Header Files\core</Filter>
    </ClInclude>
    <ClInclude Include="ui\configdefs.h">
      <Filter>Header Files\ui</Filter>
    </ClInclude>
    <ClInclude Include="ui\configstore.h">
      <Filter>Header Files\ui</Filter>
    </ClInclude>
    <ClInclude Include="ui\corecontrol.h">
      <Filter>Header Files\ui</Filter>
    </ClInclude>
    <ClInclude Include="ui\romdb.h">
      <Filter>Header Files\ui</Filter>
    </ClInclude>
    <ClInclude Include="mem\imemory.h">
      <Filter>Header Files\memory</Filter>
    </ClInclude>
    <ClInclude Include="mem\mpmemory.h">
      <Filter>Header Files\memory</Filter>
    </ClInclude>
    <ClInclude Include="cpu\cp0.h">
      <Filter>Header Files\cpu</Filter>
    </ClInclude>
    <ClInclude Include="cpu\cp1.h">
      <Filter>Header Files\cpu</Filter>
    </ClInclude>
    <ClInclude Include="cpu\fpu.h">
      <Filter>Header Files\cpu</Filter>
    </ClInclude>
    <ClInclude Include="cpu\icpu.h">
      <Filter>Header Files\cpu</Filter>
    </ClInclude>
    <ClInclude Include="cpu\interpreter.h">
      <Filter>Header Files\cpu</Filter>
    </ClInclude>
    <ClInclude Include="cpu\interrupthandler.h">
      <Filter>Header Files\cpu</Filter>
    </ClInclude>
    <ClInclude Include="pif\n64_cic_nus_6105.h">
      <Filter>Header Files\pif</Filter>
    </ClInclude>
    <ClInclude Include="pif\pif.h">
      <Filter>Header Files\pif</Filter>
    </ClInclude>
    <ClInclude Include="pif\eeprom.h">
      <Filter>Header Files\pif</Filter>
    </ClInclude>
    <ClInclude Include="pif\mempak.h">
      <Filter>Header Files\pif</Filter>
    </ClInclude>
    <ClInclude Include="plugin\audioplugin.h">
      <Filter>Header Files\plugins</Filter>
    </ClInclude>
    <ClInclude Include="plugin\gfxplugin.h">
      <Filter>Header Files\plugins</Filter>
    </ClInclude>
    <ClInclude Include="plugin\inputplugin.h">
      <Filter>Header Files\plugins</Filter>
    </ClInclude>
    <ClInclude Include="plugin\rspplugin.h">
      <Filter>Header Files\plugins</Filter>
    </ClInclude>
    <ClInclude Include="rcp\rcp.h">
      <Filter>Header Files\rcp</Filter>
    </ClInclude>
    <ClInclude Include="rcp\rcpinterface.h">
      <Filter>Header Files\rcp</Filter>
    </ClInclude>
    <ClInclude Include="rcp\registerinterface.h">
      <Filter>Header Files\rcp</Filter>
    </ClInclude>
    <ClInclude Include="rcp\rcpcommon.h">
      <Filter>Header Files\rcp</Filter>
    </ClInclude>
    <ClInclude Include="rcp\audiointerface.h">
      <Filter>Header Files\rcp\ai</Filter>
    </ClInclude>
    <ClInclude Include="rcp\dpcinterface.h">
      <Filter>Header Files\rcp\dpc</Filter>
    </ClInclude>
    <ClInclude Include="rcp\dpsinterface.h">
      <Filter>Header Files\rcp\dps</Filter>
    </ClInclude>
    <ClInclude Include="rcp\mipsinterface.h">
      <Filter>Header Files\rcp\mi</Filter>
    </ClInclude>
    <ClInclude Include="rcp\peripheralinterface.h">
      <Filter>Header Files\rcp\pi</Filter>
    </ClInclude>
    <ClInclude Include="rcp\rdraminterface.h">
      <Filter>Header Files\rcp\ri</Filter>
    </ClInclude>
    <ClInclude Include="rcp\rspinterface.h">
      <Filter>Header Files\rcp\sp</Filter>
    </ClInclude>
    <ClInclude Include="rcp\serialinterface.h">
      <Filter>Header Files\rcp\si</Filter>
    </ClInclude>
    <ClInclude Include="rcp\videointerface.h">
      <Filter>Header Files\rcp\vi</Filter>
    </ClInclude>
    <ClInclude Include="rcp\rdramcontroller.h">
      <Filter>Header Files\rcp</Filter>
    </ClInclude>
    <ClInclude Include="rom\flashram.h">
      <Filter>Header Files\rom</Filter>
    </ClInclude>
    <ClInclude Include="rom\rom.h">
      <Filter>Header Files\rom</Filter>
    </ClInclude>
    <ClInclude Include="rom\sram.h">
      <Filter>Header Files\rom</Filter>
    </ClInclude>
    <ClInclude Include="plugin\iplugin.h">
      <Filter>Header Files\plugins</Filter>
    </ClInclude>
    <ClInclude Include="plugin\plugintypes.h">
      <Filter>Header Files\plugins</Filter>
    </ClInclude>
    <ClInclude Include="plugin\plugincontainer.h">
      <Filter>Header Files\plugins</Filter>
    </ClInclude>
    <ClInclude Include="cpu\cputypes.h">
      <Filter>Header Files\cpu</Filter>
    </ClInclude>
    <ClInclude Include="tlb\tlb.h">
      <Filter>Header Files\tlb</Filter>
    </ClInclude>
  </ItemGroup>
  <ItemGroup>
    <ClCompile Include="cheat\cheatengine.cpp">
      <Filter>Source Files\cheat</Filter>
    </ClCompile>
    <ClCompile Include="core\bus.cpp">
      <Filter>Source Files\core</Filter>
    </ClCompile>
    <ClCompile Include="core\systiming.cpp">
      <Filter>Source Files\core</Filter>
    </ClCompile>
    <ClCompile Include="mem\imemory.cpp">
      <Filter>Source Files\memory</Filter>
    </ClCompile>
    <ClCompile Include="mem\mpmemory.cpp">
      <Filter>Source Files\memory</Filter>
    </ClCompile>
    <ClCompile Include="pif\eeprom.cpp">
      <Filter>Source Files\pif</Filter>
    </ClCompile>
    <ClCompile Include="pif\mempak.cpp">
      <Filter>Source Files\pif</Filter>
    </ClCompile>
    <ClCompile Include="pif\n64_cic_nus_6105.cpp">
      <Filter>Source Files\pif</Filter>
    </ClCompile>
    <ClCompile Include="pif\pif.cpp">
      <Filter>Source Files\pif</Filter>
    </ClCompile>
    <ClCompile Include="plugin\audioplugin.cpp">
      <Filter>Source Files\plugins</Filter>
    </ClCompile>
    <ClCompile Include="plugin\gfxplugin.cpp">
      <Filter>Source Files\plugins</Filter>
    </ClCompile>
    <ClCompile Include="plugin\inputplugin.cpp">
      <Filter>Source Files\plugins</Filter>
    </ClCompile>
    <ClCompile Include="plugin\rspplugin.cpp">
      <Filter>Source Files\plugins</Filter>
    </ClCompile>
    <ClCompile Include="ui\configstore.cpp">
      <Filter>Source Files\ui</Filter>
    </ClCompile>
    <ClCompile Include="ui\corecontrol.cpp">
      <Filter>Source Files\ui</Filter>
    </ClCompile>
    <ClCompile Include="ui\romdb.cpp">
      <Filter>Source Files\ui</Filter>
    </ClCompile>
    <ClCompile Include="rcp\audiointerface.cpp">
      <Filter>Source Files\rcp\ai</Filter>
    </ClCompile>
    <ClCompile Include="rcp\dpcinterface.cpp">
      <Filter>Source Files\rcp\dpc</Filter>
    </ClCompile>
    <ClCompile Include="rcp\dpsinterface.cpp">
      <Filter>Source Files\rcp\dps</Filter>
    </ClCompile>
    <ClCompile Include="rcp\mipsinterface.cpp">
      <Filter>Source Files\rcp\mi</Filter>
    </ClCompile>
    <ClCompile Include="rcp\peripheralinterface.cpp">
      <Filter>Source Files\rcp\pi</Filter>
    </ClCompile>
    <ClCompile Include="rcp\rdraminterface.cpp">
      <Filter>Source Files\rcp\ri</Filter>
    </ClCompile>
    <ClCompile Include="rcp\serialinterface.cpp">
      <Filter>Source Files\rcp\si</Filter>
    </ClCompile>
    <ClCompile Include="rcp\rspinterface.cpp">
      <Filter>Source Files\rcp\sp</Filter>
    </ClCompile>
    <ClCompile Include="rcp\videointerface.cpp">
      <Filter>Source Files\rcp\vi</Filter>
    </ClCompile>
    <ClCompile Include="rcp\rdramcontroller.cpp">
      <Filter>Source Files\rcp</Filter>
    </ClCompile>
    <ClCompile Include="tlb\tlb.cpp">
      <Filter>Source Files\tlb</Filter>
    </ClCompile>
    <ClCompile Include="rom\flashram.cpp">
      <Filter>Source Files\rom</Filter>
    </ClCompile>
    <ClCompile Include="rom\rom.cpp">
      <Filter>Source Files\rom</Filter>
    </ClCompile>
    <ClCompile Include="rom\sram.cpp">
      <Filter>Source Files\rom</Filter>
    </ClCompile>
    <ClCompile Include="cpu\cp0.cpp">
      <Filter>Source Files\cpu</Filter>
    </ClCompile>
    <ClCompile Include="cpu\cp1.cpp">
      <Filter>Source Files\cpu</Filter>
    </ClCompile>
    <ClCompile Include="cpu\icpu.cpp">
      <Filter>Source Files\cpu</Filter>
    </ClCompile>
    <ClCompile Include="cpu\interpreter_cop0.cpp">
      <Filter>Source Files\cpu\interpreter</Filter>
    </ClCompile>
    <ClCompile Include="cpu\interpreter_cop1.cpp">
      <Filter>Source Files\cpu\interpreter</Filter>
    </ClCompile>
    <ClCompile Include="cpu\interpreter_regimm.cpp">
      <Filter>Source Files\cpu\interpreter</Filter>
    </ClCompile>
    <ClCompile Include="cpu\interpreter_special.cpp">
      <Filter>Source Files\cpu\interpreter</Filter>
    </ClCompile>
    <ClCompile Include="cpu\interrupthandler.cpp">
      <Filter>Source Files\cpu</Filter>
    </ClCompile>
    <ClCompile Include="cpu\interpreter.cpp">
      <Filter>Source Files\cpu\interpreter</Filter>
    </ClCompile>
    <ClCompile Include="plugin\iplugin.cpp">
      <Filter>Source Files\plugins</Filter>
    </ClCompile>
    <ClCompile Include="plugin\plugincontainer.cpp">
      <Filter>Source Files\plugins</Filter>
    </ClCompile>
  </ItemGroup>
  <ItemGroup>
    <MASM Include="windows\fpu_cmp_32.asm">
      <Filter>Source Files\cpu\fpu</Filter>
    </MASM>
    <MASM Include="windows\fpu_cmp_64.asm">
      <Filter>Source Files\cpu\fpu</Filter>
    </MASM>
  </ItemGroup>
</Project>